{
  "requires": true,
  "lockfileVersion": 1,
  "dependencies": {
    "ng2-animate-on-scroll": {
      "version": "1.1.0",
      "resolved": "https://registry.npmjs.org/ng2-animate-on-scroll/-/ng2-animate-on-scroll-1.1.0.tgz",
      "integrity": "sha512-WFccblxAK5XQIZt0G1wgj+i6ctpNYUkUTXN8ROAg8IGE1hXS6+N+YMqBcn780yrIIoMtQRhrVxSZ/tHY7osdYQ=="
    }
  }
}
